
Microsoft Visual Studio Solution File, Format Version 12.00
# Visual Studio 15
VisualStudioVersion = 15.0.28307.1267
MinimumVisualStudioVersion = 10.0.40219.1
Project("{FAE04EC0-301F-11D3-BF4B-00C04F79EFBC}") = "TestForHub", "TestForHub\TestForHub.csproj", "{92F39AA2-331A-40C0-A20E-535D2F8574F1}"
EndProject
Global
	GlobalSection(SolutionConfigurationPlatforms) = preSolution
		Debug|Any CPU = Debug|Any CPU
		Release|Any CPU = Release|Any CPU
	EndGlobalSection
	GlobalSection(ProjectConfigurationPlatforms) = postSolution
		{92F39AA2-331A-40C0-A20E-535D2F8574F1}.Debug|Any CPU.ActiveCfg = Debug|Any CPU
		{92F39AA2-331A-40C0-A20E-535D2F8574F1}.Debug|Any CPU.Build.0 = Debug|Any CPU
		{92F39AA2-331A-40C0-A20E-535D2F8574F1}.Release|Any CPU.ActiveCfg = Release|Any CPU
		{92F39AA2-331A-40C0-A20E-535D2F8574F1}.Release|Any CPU.Build.0 = Release|Any CPU
	EndGlobalSection
	GlobalSection(SolutionProperties) = preSolution
		HideSolutionNode = FALSE
	EndGlobalSection
	GlobalSection(ExtensibilityGlobals) = postSolution
		SolutionGuid = {1ECDF075-3E48-41A8-A6D8-E3C867BDF7E5}
	EndGlobalSection
EndGlobal
